
Microsoft Visual Studio Solution File, Format Version 12.00
# Visual Studio 14
VisualStudioVersion = 14.0.25123.0
MinimumVisualStudioVersion = 10.0.40219.1
Project("{8BC9CEB8-8B4A-11D0-8D11-00A0C91BC942}") = "StoreCredit", "StoreCredit\StoreCredit.vcxproj", "{57C5806F-8A4D-4874-AAE9-898529973CE6}"
EndProject
Project("{8BC9CEB8-8B4A-11D0-8D11-00A0C91BC942}") = "ReverseWords", "ReverseWords\ReverseWords.vcxproj", "{53D8112D-9FC1-4091-8D1C-3B164102883F}"
EndProject
Project("{2150E333-8FDC-42A3-9474-1A3956D46DE8}") = "Qualification Round 2016", "Qualification Round 2016", "{DB05E3AE-EAA9-45A8-A214-423F763DAA6A}"
EndProject
Project("{8BC9CEB8-8B4A-11D0-8D11-00A0C91BC942}") = "CountingSheep", "CountingSheep\CountingSheep.vcxproj", "{0DC5748C-5C34-4DBD-957A-CC8F60824104}"
EndProject
Project("{8BC9CEB8-8B4A-11D0-8D11-00A0C91BC942}") = "Revenge of the Pancakes", "Revenge of the Pancakes\Revenge of the Pancakes.vcxproj", "{A3A96BB4-6739-4DDE-B272-175BC019093A}"
EndProject
Project("{8BC9CEB8-8B4A-11D0-8D11-00A0C91BC942}") = "CoinJam", "CoinJam\CoinJam.vcxproj", "{AB35ED62-F228-41BA-B434-841E80649A0E}"
EndProject
Project("{FAE04EC0-301F-11D3-BF4B-00C04F79EFBC}") = "CoinJamCSharp", "CoinJamCSharp\CoinJamCSharp.csproj", "{1255E9E2-D176-4813-BD25-975832061E2A}"
EndProject
Global
	GlobalSection(SolutionConfigurationPlatforms) = preSolution
		Debug|Any CPU = Debug|Any CPU
		Debug|x64 = Debug|x64
		Debug|x86 = Debug|x86
		Release|Any CPU = Release|Any CPU
		Release|x64 = Release|x64
		Release|x86 = Release|x86
	EndGlobalSection
	GlobalSection(ProjectConfigurationPlatforms) = postSolution
		{57C5806F-8A4D-4874-AAE9-898529973CE6}.Debug|Any CPU.ActiveCfg = Debug|Win32
		{57C5806F-8A4D-4874-AAE9-898529973CE6}.Debug|x64.ActiveCfg = Debug|x64
		{57C5806F-8A4D-4874-AAE9-898529973CE6}.Debug|x64.Build.0 = Debug|x64
		{57C5806F-8A4D-4874-AAE9-898529973CE6}.Debug|x86.ActiveCfg = Debug|Win32
		{57C5806F-8A4D-4874-AAE9-898529973CE6}.Debug|x86.Build.0 = Debug|Win32
		{57C5806F-8A4D-4874-AAE9-898529973CE6}.Release|Any CPU.ActiveCfg = Release|Win32
		{57C5806F-8A4D-4874-AAE9-898529973CE6}.Release|x64.ActiveCfg = Release|x64
		{57C5806F-8A4D-4874-AAE9-898529973CE6}.Release|x64.Build.0 = Release|x64
		{57C5806F-8A4D-4874-AAE9-898529973CE6}.Release|x86.ActiveCfg = Release|Win32
		{57C5806F-8A4D-4874-AAE9-898529973CE6}.Release|x86.Build.0 = Release|Win32
		{53D8112D-9FC1-4091-8D1C-3B164102883F}.Debug|Any CPU.ActiveCfg = Debug|Win32
		{53D8112D-9FC1-4091-8D1C-3B164102883F}.Debug|x64.ActiveCfg = Debug|x64
		{53D8112D-9FC1-4091-8D1C-3B164102883F}.Debug|x64.Build.0 = Debug|x64
		{53D8112D-9FC1-4091-8D1C-3B164102883F}.Debug|x86.ActiveCfg = Debug|Win32
		{53D8112D-9FC1-4091-8D1C-3B164102883F}.Debug|x86.Build.0 = Debug|Win32
		{53D8112D-9FC1-4091-8D1C-3B164102883F}.Release|Any CPU.ActiveCfg = Release|Win32
		{53D8112D-9FC1-4091-8D1C-3B164102883F}.Release|x64.ActiveCfg = Release|x64
		{53D8112D-9FC1-4091-8D1C-3B164102883F}.Release|x64.Build.0 = Release|x64
		{53D8112D-9FC1-4091-8D1C-3B164102883F}.Release|x86.ActiveCfg = Release|Win32
		{53D8112D-9FC1-4091-8D1C-3B164102883F}.Release|x86.Build.0 = Release|Win32
		{0DC5748C-5C34-4DBD-957A-CC8F60824104}.Debug|Any CPU.ActiveCfg = Debug|Win32
		{0DC5748C-5C34-4DBD-957A-CC8F60824104}.Debug|x64.ActiveCfg = Debug|x64
		{0DC5748C-5C34-4DBD-957A-CC8F60824104}.Debug|x64.Build.0 = Debug|x64
		{0DC5748C-5C34-4DBD-957A-CC8F60824104}.Debug|x86.ActiveCfg = Debug|Win32
		{0DC5748C-5C34-4DBD-957A-CC8F60824104}.Debug|x86.Build.0 = Debug|Win32
		{0DC5748C-5C34-4DBD-957A-CC8F60824104}.Release|Any CPU.ActiveCfg = Release|Win32
		{0DC5748C-5C34-4DBD-957A-CC8F60824104}.Release|x64.ActiveCfg = Release|x64
		{0DC5748C-5C34-4DBD-957A-CC8F60824104}.Release|x64.Build.0 = Release|x64
		{0DC5748C-5C34-4DBD-957A-CC8F60824104}.Release|x86.ActiveCfg = Release|Win32
		{0DC5748C-5C34-4DBD-957A-CC8F60824104}.Release|x86.Build.0 = Release|Win32
		{A3A96BB4-6739-4DDE-B272-175BC019093A}.Debug|Any CPU.ActiveCfg = Debug|Win32
		{A3A96BB4-6739-4DDE-B272-175BC019093A}.Debug|x64.ActiveCfg = Debug|x64
		{A3A96BB4-6739-4DDE-B272-175BC019093A}.Debug|x64.Build.0 = Debug|x64
		{A3A96BB4-6739-4DDE-B272-175BC019093A}.Debug|x86.ActiveCfg = Debug|Win32
		{A3A96BB4-6739-4DDE-B272-175BC019093A}.Debug|x86.Build.0 = Debug|Win32
		{A3A96BB4-6739-4DDE-B272-175BC019093A}.Release|Any CPU.ActiveCfg = Release|Win32
		{A3A96BB4-6739-4DDE-B272-175BC019093A}.Release|x64.ActiveCfg = Release|x64
		{A3A96BB4-6739-4DDE-B272-175BC019093A}.Release|x64.Build.0 = Release|x64
		{A3A96BB4-6739-4DDE-B272-175BC019093A}.Release|x86.ActiveCfg = Release|Win32
		{A3A96BB4-6739-4DDE-B272-175BC019093A}.Release|x86.Build.0 = Release|Win32
		{AB35ED62-F228-41BA-B434-841E80649A0E}.Debug|Any CPU.ActiveCfg = Debug|Win32
		{AB35ED62-F228-41BA-B434-841E80649A0E}.Debug|x64.ActiveCfg = Debug|x64
		{AB35ED62-F228-41BA-B434-841E80649A0E}.Debug|x64.Build.0 = Debug|x64
		{AB35ED62-F228-41BA-B434-841E80649A0E}.Debug|x86.ActiveCfg = Debug|Win32
		{AB35ED62-F228-41BA-B434-841E80649A0E}.Debug|x86.Build.0 = Debug|Win32
		{AB35ED62-F228-41BA-B434-841E80649A0E}.Release|Any CPU.ActiveCfg = Release|Win32
		{AB35ED62-F228-41BA-B434-841E80649A0E}.Release|x64.ActiveCfg = Release|x64
		{AB35ED62-F228-41BA-B434-841E80649A0E}.Release|x64.Build.0 = Release|x64
		{AB35ED62-F228-41BA-B434-841E80649A0E}.Release|x86.ActiveCfg = Release|Win32
		{AB35ED62-F228-41BA-B434-841E80649A0E}.Release|x86.Build.0 = Release|Win32
		{1255E9E2-D176-4813-BD25-975832061E2A}.Debug|Any CPU.ActiveCfg = Debug|Any CPU
		{1255E9E2-D176-4813-BD25-975832061E2A}.Debug|Any CPU.Build.0 = Debug|Any CPU
		{1255E9E2-D176-4813-BD25-975832061E2A}.Debug|x64.ActiveCfg = Debug|Any CPU
		{1255E9E2-D176-4813-BD25-975832061E2A}.Debug|x64.Build.0 = Debug|Any CPU
		{1255E9E2-D176-4813-BD25-975832061E2A}.Debug|x86.ActiveCfg = Debug|Any CPU
		{1255E9E2-D176-4813-BD25-975832061E2A}.Debug|x86.Build.0 = Debug|Any CPU
		{1255E9E2-D176-4813-BD25-975832061E2A}.Release|Any CPU.ActiveCfg = Release|Any CPU
		{1255E9E2-D176-4813-BD25-975832061E2A}.Release|Any CPU.Build.0 = Release|Any CPU
		{1255E9E2-D176-4813-BD25-975832061E2A}.Release|x64.ActiveCfg = Release|Any CPU
		{1255E9E2-D176-4813-BD25-975832061E2A}.Release|x64.Build.0 = Release|Any CPU
		{1255E9E2-D176-4813-BD25-975832061E2A}.Release|x86.ActiveCfg = Release|Any CPU
		{1255E9E2-D176-4813-BD25-975832061E2A}.Release|x86.Build.0 = Release|Any CPU
	EndGlobalSection
	GlobalSection(SolutionProperties) = preSolution
		HideSolutionNode = FALSE
	EndGlobalSection
	GlobalSection(NestedProjects) = preSolution
		{0DC5748C-5C34-4DBD-957A-CC8F60824104} = {DB05E3AE-EAA9-45A8-A214-423F763DAA6A}
		{A3A96BB4-6739-4DDE-B272-175BC019093A} = {DB05E3AE-EAA9-45A8-A214-423F763DAA6A}
		{AB35ED62-F228-41BA-B434-841E80649A0E} = {DB05E3AE-EAA9-45A8-A214-423F763DAA6A}
		{1255E9E2-D176-4813-BD25-975832061E2A} = {DB05E3AE-EAA9-45A8-A214-423F763DAA6A}
	EndGlobalSection
EndGlobal
